github.com/cpuguy83/go-md2man/v2 v2.0.6/go.mod h1:oOW0eioCTA6cOiMLiUPZOpcVxMig6NIQQ7OS05n1F4g=
github.com/fede-iglesias/shipkit/adapters v0.2.0 h1:ny4O6CfPIirVLzh1gRfbmLEi4bU8FXAqSmc0ccE6tj0=
github.com/fede-iglesias/shipkit/adapters v0.2.0/go.mod h1:de2AapLAXg5K9syMziumbHG6K2fbGUPggZ0nKKxQx8w=
github.com/fede-iglesias/shipkit/lifecycle/clean v0.2.0 h1:7lqg2K50b9JhTvr666nOTxDNFQiTf+DN2GhG0+ICIlg=
github.com/fede-iglesias/shipkit/lifecycle/clean v0.2.0/go.mod h1:yEXweG1Vt4W+2y5hM40Eq4mY5jMthwVkQ9uwCTF3aOQ=
github.com/fede-iglesias/shipkit/lifecycle/doctor v0.2.0 h1:FzZ7ZGK+Y3/EWrc5DSdo2hBjP4+MeI9Pb4fR+60W/N0=
github.com/fede-iglesias/shipkit/lifecycle/doctor v0.2.0/go.mod h1:4a93snNYEHBR/SXykIdlWgMIclLi/PsvZ9HBcUbWX+I=
github.com/fede-iglesias/shipkit/lifecycle/install v0.2.3 h1:MAcR7W4gsFgC3jYKG9jHL6uz9njwzhsEkb0xPPZeS9I=
github.com/fede-iglesias/shipkit/lifecycle/install v0.2.3/go.mod h1:XSKtDEDUUOdk9vTDDNPKwLYo7CoqIFKyN+rFPoVj6c0=
github.com/fede-iglesias/shipkit/lifecycle/migrations v0.1.0 h1:o22zMiKLjwt5ieJi8vkkDcgKreT9VSGr4xuvo4pXKRY=
github.com/fede-iglesias/shipkit/lifecycle/migrations v0.1.0/go.mod h1:lrKWFB3Xj464Vk5nhBHpljZj0mWJRu2K/AawAnxTMOI=
github.com/fede-iglesias/shipkit/lifecycle/recovery v0.1.0 h1:dR1lA/KOWGaHTSmjgqcbpPL+hMIdpAsDHjAyi0IxnK4=
github.com/fede-iglesias/shipkit/lifecycle/recovery v0.1.0/go.mod h1:WixpKKr3wRgTniGVjT6REdSnKYoh4UCEikV63x6Z17M=
github.com/fede-iglesias/shipkit/lifecycle/uninstall v0.1.3 h1:TEQtalRXJ+bHi7gQAexv/TqAZ+wgN8NbV4Z5t0Zky0g=
github.com/fede-iglesias/shipkit/lifecycle/uninstall v0.1.3/go.mod h1:AcPTp9q6ywm034Je0EXaE2/WS+NqcNKe/tzBYHeafKs=
github.com/fede-iglesias/shipkit/lifecycle/update v0.2.2 h1:mSfnrl5D1nvoF201KRiJUvtm+ls7dtWi4v+FRI2PA/c=
github.com/fede-iglesias/shipkit/lifecycle/update v0.2.2/go.mod h1:lzPGHzYrjpkmgBSsVJ01bwAnDLez/sx0wvUPRQWlgSM=
github.com/fede-iglesias/shipkit/ports v0.2.0 h1:cFy7tmhXSnvprHzQmVN77DBiPaeUnoE3v0ArmF7hdH4=
github.com/fede-iglesias/shipkit/ports v0.2.0/go.mod h1:u1SZ+h052INTL8pM32tcwWCZza+zj6LJlM80rmzNubA=
github.com/inconshreveable/mousetrap v1.1.0 h1:wN+x4NVGpMsO7ErUn/mUI3vEoE6Jt13X2s0bqwp9tc8=
github.com/inconshreveable/mousetrap v1.1.0/go.mod h1:vpF70FUmC8bwa3OWnCshd2FqLfsEA9PFc4w1p2J65bw=
github.com/russross/blackfriday/v2 v2.1.0/go.mod h1:+Rmxgy9KzJVeS9/2gXHxylqXiyQDYRxCVz55jmeOWTM=
github.com/spf13/cobra v1.10.2 h1:DMTTonx5m65Ic0GOoRY2c16WCbHxOOw6xxezuLaBpcU=
github.com/spf13/cobra v1.10.2/go.mod h1:7C1pvHqHw5A4vrJfjNwvOdzYu0Gml16OCs2GRiTUUS4=
github.com/spf13/pflag v1.0.9 h1:9exaQaMOCwffKiiiYk6/BndUBv+iRViNW+4lEMi0PvY=
github.com/spf13/pflag v1.0.9/go.mod h1:McXfInJRrz4CZXVZOBLb0bTZqETkiAhM9Iw0y3An2Bg=
go.yaml.in/yaml/v3 v3.0.4/go.mod h1:DhzuOOF2ATzADvBadXxruRBLzYTpT36CKvDb3+aBEFg=
golang.org/x/sys v0.33.0 h1:q3i8TbbEz+JRD9ywIRlyRAQbM0qF7hu24q3teo2hbuw=
golang.org/x/sys v0.33.0/go.mod h1:BJP2sWEmIv4KK5OTEluFJCKSidICx8ciO85XgH3Ak8k=
golang.org/x/term v0.32.0 h1:DR4lr0TjUs3epypdhTOkMmuF5CDFJ/8pOnbzMZPQ7bg=
golang.org/x/term v0.32.0/go.mod h1:uZG1FhGx848Sqfsq4/DlJr3xGGsYMu/L5GW4abiaEPQ=
gopkg.in/check.v1 v0.0.0-20161208181325-20d25e280405/go.mod h1:Co6ibVJAznAaIkqp8huTwlJQCZ016jof/cbN4VW5Yz0=
